PODS:
  - Sourcery (0.14.0)
  - URLNavigator (2.0.6)

DEPENDENCIES:
  - Sourcery
  - URLNavigator

SPEC REPOS:
  https://github.com/cocoapods/specs.git:
    - Sourcery
    - URLNavigator

SPEC CHECKSUMS:
  Sourcery: 51332d15c2fc40e4ac5956e149a5d95607c63154
  URLNavigator: 2357a32f3b3787b748bf87deb927761f8b0f7f53

PODFILE CHECKSUM: eb74ff35bbe006aac93879a3a696a64192fed78b

COCOAPODS: 1.5.3
