PODS:
  - Sourcery (0.16.1)
  - URLNavigator (2.2.0)

DEPENDENCIES:
  - Sourcery
  - URLNavigator

SPEC REPOS:
  https://github.com/cocoapods/specs.git:
    - Sourcery
    - URLNavigator

SPEC CHECKSUMS:
  Sourcery: 16779170d35ee204666843b09031f36721a84bcc
  URLNavigator: 0bffc3efdeb2d97f7b5eec7ac82d290f4a099431

PODFILE CHECKSUM: 0269bf7619c97cb9735983e8191db3d5e5a2d54f

COCOAPODS: 1.7.4
